PODS:
  - Result (3.1.0)
  - StravaKit (0.9.5)

DEPENDENCIES:
  - Result (~> 3.1)
  - StravaKit (~> 0.9)

SPEC CHECKSUMS:
  Result: 4e3ed5995ed94d0cd6a09be9a431fce3f3624bbf
  StravaKit: 78c6cecc3c98d3860be2367fec96846664b75621

PODFILE CHECKSUM: e3d17089f10db8f187155fd10b52d26545f4cae1

COCOAPODS: 1.2.0
