PODS:
  - Result (3.0.0)
  - StravaKit (0.9.2)

DEPENDENCIES:
  - Result (~> 3.0)
  - StravaKit (~> 0.9)

SPEC CHECKSUMS:
  Result: 1b3e431f37cbcd3ad89c6aa9ab0ae55515fae3b6
  StravaKit: b83b5bcfac62bc6c819cbf588e430c278d201111

PODFILE CHECKSUM: 3a851e91ff58e8c5cb44b055972f274ac00b556c

COCOAPODS: 1.2.0
